// !$*UTF8*$!
{
	archiveVersion = 1;
	classes = {
	};
	objectVersion = 46;
	objects = {

/* Begin PBXBuildFile section */
		4D8087061EF7C4540028AE41 /* AppDelegate.swift in Sources */ = {isa = PBXBuildFile; fileRef = 4D8087051EF7C4540028AE41 /* AppDelegate.swift */; };
		4D8087081EF7C4540028AE41 /* ViewController.swift in Sources */ = {isa = PBXBuildFile; fileRef = 4D8087071EF7C4540028AE41 /* ViewController.swift */; };
		4D80870B1EF7C4540028AE41 /* Main.storyboard in Resources */ = {isa = PBXBuildFile; fileRef = 4D8087091EF7C4540028AE41 /* Main.storyboard */; };
		4D80870D1EF7C4540028AE41 /* Assets.xcassets in Resources */ = {isa = PBXBuildFile; fileRef = 4D80870C1EF7C4540028AE41 /* Assets.xcassets */; };
		4D8087101EF7C4540028AE41 /* LaunchScreen.storyboard in Resources */ = {isa = PBXBuildFile; fileRef = 4D80870E1EF7C4540028AE41 /* LaunchScreen.storyboard */; };
		4D80871B1EF7C4550028AE41 /* _3_Swift_______Tests.swift in Sources */ = {isa = PBXBuildFile; fileRef = 4D80871A1EF7C4550028AE41 /* _3_Swift_______Tests.swift */; };
		4D8087261EF7C4550028AE41 /* _3_Swift_______UITests.swift in Sources */ = {isa = PBXBuildFile; fileRef = 4D8087251EF7C4550028AE41 /* _3_Swift_______UITests.swift */; };
/* End PBXBuildFile section */

/* Begin PBXContainerItemProxy section */
		4D8087171EF7C4550028AE41 /* PBXContainerItemProxy */ = {
			isa = PBXContainerItemProxy;
			containerPortal = 4D8086FA1EF7C4540028AE41 /* Project object */;
			proxyType = 1;
			remoteGlobalIDString = 4D8087011EF7C4540028AE41;
			remoteInfo = "33-Swift之懒加载的使用";
		};
		4D8087221EF7C4550028AE41 /* PBXContainerItemProxy */ = {
			isa = PBXContainerItemProxy;
			containerPortal = 4D8086FA1EF7C4540028AE41 /* Project object */;
			proxyType = 1;
			remoteGlobalIDString = 4D8087011EF7C4540028AE41;
			remoteInfo = "33-Swift之懒加载的使用";
		};
/* End PBXContainerItemProxy section */

/* Begin PBXFileReference section */
		4D8087021EF7C4540028AE41 /* 33-Swift之懒加载的使用.app */ = {isa = PBXFileReference; explicitFileType = wrapper.application; includeInIndex = 0; path = "33-Swift之懒加载的使用.app"; sourceTree = BUILT_PRODUCTS_DIR; };
		4D8087051EF7C4540028AE41 /* AppDelegate.swift */ = {isa = PBXFileReference; lastKnownFileType = sourcecode.swift; path = AppDelegate.swift; sourceTree = "<group>"; };
		4D8087071EF7C4540028AE41 /* ViewController.swift */ = {isa = PBXFileReference; lastKnownFileType = sourcecode.swift; path = ViewController.swift; sourceTree = "<group>"; };
		4D80870A1EF7C4540028AE41 /* Base */ = {isa = PBXFileReference; lastKnownFileType = file.storyboard; name = Base; path = Base.lproj/Main.storyboard; sourceTree = "<group>"; };
		4D80870C1EF7C4540028AE41 /* Assets.xcassets */ = {isa = PBXFileReference; lastKnownFileType = folder.assetcatalog; path = Assets.xcassets; sourceTree = "<group>"; };
		4D80870F1EF7C4540028AE41 /* Base */ = {isa = PBXFileReference; lastKnownFileType = file.storyboard; name = Base; path = Base.lproj/LaunchScreen.storyboard; sourceTree = "<group>"; };
		4D8087111EF7C4540028AE41 /* Info.plist */ = {isa = PBXFileReference; lastKnownFileType = text.plist.xml; path = Info.plist; sourceTree = "<group>"; };
		4D8087161EF7C4550028AE41 /* 33-Swift之懒加载的使用Tests.xctest */ = {isa = PBXFileReference; explicitFileType = wrapper.cfbundle; includeInIndex = 0; path = "33-Swift之懒加载的使用Tests.xctest"; sourceTree = BUILT_PRODUCTS_DIR; };
		4D80871A1EF7C4550028AE41 /* _3_Swift_______Tests.swift */ = {isa = PBXFileReference; lastKnownFileType = sourcecode.swift; path = "_3_Swift_______Tests.swift"; sourceTree = "<group>"; };
		4D80871C1EF7C4550028AE41 /* Info.plist */ = {isa = PBXFileReference; lastKnownFileType = text.plist.xml; path = Info.plist; sourceTree = "<group>"; };
		4D8087211EF7C4550028AE41 /* 33-Swift之懒加载的使用UITests.xctest */ = {isa = PBXFileReference; explicitFileType = wrapper.cfbundle; includeInIndex = 0; path = "33-Swift之懒加载的使用UITests.xctest"; sourceTree = BUILT_PRODUCTS_DIR; };
		4D8087251EF7C4550028AE41 /* _3_Swift_______UITests.swift */ = {isa = PBXFileReference; lastKnownFileType = sourcecode.swift; path = "_3_Swift_______UITests.swift"; sourceTree = "<group>"; };
		4D8087271EF7C4550028AE41 /* Info.plist */ = {isa = PBXFileReference; lastKnownFileType = text.plist.xml; path = Info.plist; sourceTree = "<group>"; };
/* End PBXFileReference section */

/* Begin PBXFrameworksBuildPhase section */
		4D8086FF1EF7C4540028AE41 /* Frameworks */ = {
			isa = PBXFrameworksBuildPhase;
			buildActionMask = 2147483647;
			files = (
			);
			runOnlyForDeploymentPostprocessing = 0;
		};
		4D8087131EF7C4550028AE41 /* Frameworks */ = {
			isa = PBXFrameworksBuildPhase;
			buildActionMask = 2147483647;
			files = (
			);
			runOnlyForDeploymentPostprocessing = 0;
		};
		4D80871E1EF7C4550028AE41 /* Frameworks */ = {
			isa = PBXFrameworksBuildPhase;
			buildActionMask = 2147483647;
			files = (
			);
			runOnlyForDeploymentPostprocessing = 0;
		};
/* End PBXFrameworksBuildPhase section */

/* Begin PBXGroup section */
		4D8086F91EF7C4540028AE41 = {
			isa = PBXGroup;
			children = (
				4D8087041EF7C4540028AE41 /* 33-Swift之懒加载的使用 */,
				4D8087191EF7C4550028AE41 /* 33-Swift之懒加载的使用Tests */,
				4D8087241EF7C4550028AE41 /* 33-Swift之懒加载的使用UITests */,
				4D8087031EF7C4540028AE41 /* Products */,
			);
			sourceTree = "<group>";
		};
		4D8087031EF7C4540028AE41 /* Products */ = {
			isa = PBXGroup;
			children = (
				4D8087021EF7C4540028AE41 /* 33-Swift之懒加载的使用.app */,
				4D8087161EF7C4550028AE41 /* 33-Swift之懒加载的使用Tests.xctest */,
				4D8087211EF7C4550028AE41 /* 33-Swift之懒加载的使用UITests.xctest */,
			);
			name = Products;
			sourceTree = "<group>";
		};
		4D8087041EF7C4540028AE41 /* 33-Swift之懒加载的使用 */ = {
			isa = PBXGroup;
			children = (
				4D8087051EF7C4540028AE41 /* AppDelegate.swift */,
				4D8087071EF7C4540028AE41 /* ViewController.swift */,
				4D8087091EF7C4540028AE41 /* Main.storyboard */,
				4D80870C1EF7C4540028AE41 /* Assets.xcassets */,
				4D80870E1EF7C4540028AE41 /* LaunchScreen.storyboard */,
				4D8087111EF7C4540028AE41 /* Info.plist */,
			);
			path = "33-Swift之懒加载的使用";
			sourceTree = "<group>";
		};
		4D8087191EF7C4550028AE41 /* 33-Swift之懒加载的使用Tests */ = {
			isa = PBXGroup;
			children = (
				4D80871A1EF7C4550028AE41 /* _3_Swift_______Tests.swift */,
				4D80871C1EF7C4550028AE41 /* Info.plist */,
			);
			path = "33-Swift之懒加载的使用Tests";
			sourceTree = "<group>";
		};
		4D8087241EF7C4550028AE41 /* 33-Swift之懒加载的使用UITests */ = {
			isa = PBXGroup;
			children = (
				4D8087251EF7C4550028AE41 /* _3_Swift_______UITests.swift */,
				4D8087271EF7C4550028AE41 /* Info.plist */,
			);
			path = "33-Swift之懒加载的使用UITests";
			sourceTree = "<group>";
		};
/* End PBXGroup section */

/* Begin PBXNativeTarget section */
		4D8087011EF7C4540028AE41 /* 33-Swift之懒加载的使用 */ = {
			isa = PBXNativeTarget;
			buildConfigurationList = 4D80872A1EF7C4550028AE41 /* Build configuration list for PBXNativeTarget "33-Swift之懒加载的使用" */;
			buildPhases = (
				4D8086FE1EF7C4540028AE41 /* Sources */,
				4D8086FF1EF7C4540028AE41 /* Frameworks */,
				4D8087001EF7C4540028AE41 /* Resources */,
			);
			buildRules = (
			);
			dependencies = (
			);
			name = "33-Swift之懒加载的使用";
			productName = "33-Swift之懒加载的使用";
			productReference = 4D8087021EF7C4540028AE41 /* 33-Swift之懒加载的使用.app */;
			productType = "com.apple.product-type.application";
		};
		4D8087151EF7C4550028AE41 /* 33-Swift之懒加载的使用Tests */ = {
			isa = PBXNativeTarget;
			buildConfigurationList = 4D80872D1EF7C4550028AE41 /* Build configuration list for PBXNativeTarget "33-Swift之懒加载的使用Tests" */;
			buildPhases = (
				4D8087121EF7C4550028AE41 /* Sources */,
				4D8087131EF7C4550028AE41 /* Frameworks */,
				4D8087141EF7C4550028AE41 /* Resources */,
			);
			buildRules = (
			);
			dependencies = (
				4D8087181EF7C4550028AE41 /* PBXTargetDependency */,
			);
			name = "33-Swift之懒加载的使用Tests";
			productName = "33-Swift之懒加载的使用Tests";
			productReference = 4D8087161EF7C4550028AE41 /* 33-Swift之懒加载的使用Tests.xctest */;
			productType = "com.apple.product-type.bundle.unit-test";
		};
		4D8087201EF7C4550028AE41 /* 33-Swift之懒加载的使用UITests */ = {
			isa = PBXNativeTarget;
			buildConfigurationList = 4D8087301EF7C4550028AE41 /* Build configuration list for PBXNativeTarget "33-Swift之懒加载的使用UITests" */;
			buildPhases = (
				4D80871D1EF7C4550028AE41 /* Sources */,
				4D80871E1EF7C4550028AE41 /* Frameworks */,
				4D80871F1EF7C4550028AE41 /* Resources */,
			);
			buildRules = (
			);
			dependencies = (
				4D8087231EF7C4550028AE41 /* PBXTargetDependency */,
			);
			name = "33-Swift之懒加载的使用UITests";
			productName = "33-Swift之懒加载的使用UITests";
			productReference = 4D8087211EF7C4550028AE41 /* 33-Swift之懒加载的使用UITests.xctest */;
			productType = "com.apple.product-type.bundle.ui-testing";
		};
/* End PBXNativeTarget section */

/* Begin PBXProject section */
		4D8086FA1EF7C4540028AE41 /* Project object */ = {
			isa = PBXProject;
			attributes = {
				LastSwiftUpdateCheck = 0830;
				LastUpgradeCheck = 0830;
				ORGANIZATIONNAME = "好杰";
				TargetAttributes = {
					4D8087011EF7C4540028AE41 = {
						CreatedOnToolsVersion = 8.3.3;
						DevelopmentTeam = GNZBVV9WD3;
						ProvisioningStyle = Automatic;
					};
					4D8087151EF7C4550028AE41 = {
						CreatedOnToolsVersion = 8.3.3;
						DevelopmentTeam = GNZBVV9WD3;
						ProvisioningStyle = Automatic;
						TestTargetID = 4D8087011EF7C4540028AE41;
					};
					4D8087201EF7C4550028AE41 = {
						CreatedOnToolsVersion = 8.3.3;
						DevelopmentTeam = GNZBVV9WD3;
						ProvisioningStyle = Automatic;
						TestTargetID = 4D8087011EF7C4540028AE41;
					};
				};
			};
			buildConfigurationList = 4D8086FD1EF7C4540028AE41 /* Build configuration list for PBXProject "33-Swift之懒加载的使用" */;
			compatibilityVersion = "Xcode 3.2";
			developmentRegion = English;
			hasScannedForEncodings = 0;
			knownRegions = (
				en,
				Base,
			);
			mainGroup = 4D8086F91EF7C4540028AE41;
			productRefGroup = 4D8087031EF7C4540028AE41 /* Products */;
			projectDirPath = "";
			projectRoot = "";
			targets = (
				4D8087011EF7C4540028AE41 /* 33-Swift之懒加载的使用 */,
				4D8087151EF7C4550028AE41 /* 33-Swift之懒加载的使用Tests */,
				4D8087201EF7C4550028AE41 /* 33-Swift之懒加载的使用UITests */,
			);
		};
/* End PBXProject section */

/* Begin PBXResourcesBuildPhase section */
		4D8087001EF7C4540028AE41 /* Resources */ = {
			isa = PBXResourcesBuildPhase;
			buildActionMask = 2147483647;
			files = (
				4D8087101EF7C4540028AE41 /* LaunchScreen.storyboard in Resources */,
				4D80870D1EF7C4540028AE41 /* Assets.xcassets in Resources */,
				4D80870B1EF7C4540028AE41 /* Main.storyboard in Resources */,
			);
			runOnlyForDeploymentPostprocessing = 0;
		};
		4D8087141EF7C4550028AE41 /* Resources */ = {
			isa = PBXResourcesBuildPhase;
			buildActionMask = 2147483647;
			files = (
			);
			runOnlyForDeploymentPostprocessing = 0;
		};
		4D80871F1EF7C4550028AE41 /* Resources */ = {
			isa = PBXResourcesBuildPhase;
			buildActionMask = 2147483647;
			files = (
			);
			runOnlyForDeploymentPostprocessing = 0;
		};
/* End PBXResourcesBuildPhase section */

/* Begin PBXSourcesBuildPhase section */
		4D8086FE1EF7C4540028AE41 /* Sources */ = {
			isa = PBXSourcesBuildPhase;
			buildActionMask = 2147483647;
			files = (
				4D8087081EF7C4540028AE41 /* ViewController.swift in Sources */,
				4D8087061EF7C4540028AE41 /* AppDelegate.swift in Sources */,
			);
			runOnlyForDeploymentPostprocessing = 0;
		};
		4D8087121EF7C4550028AE41 /* Sources */ = {
			isa = PBXSourcesBuildPhase;
			buildActionMask = 2147483647;
			files = (
				4D80871B1EF7C4550028AE41 /* _3_Swift_______Tests.swift in Sources */,
			);
			runOnlyForDeploymentPostprocessing = 0;
		};
		4D80871D1EF7C4550028AE41 /* Sources */ = {
			isa = PBXSourcesBuildPhase;
			buildActionMask = 2147483647;
			files = (
				4D8087261EF7C4550028AE41 /* _3_Swift_______UITests.swift in Sources */,
			);
			runOnlyForDeploymentPostprocessing = 0;
		};
/* End PBXSourcesBuildPhase section */

/* Begin PBXTargetDependency section */
		4D8087181EF7C4550028AE41 /* PBXTargetDependency */ = {
			isa = PBXTargetDependency;
			target = 4D8087011EF7C4540028AE41 /* 33-Swift之懒加载的使用 */;
			targetProxy = 4D8087171EF7C4550028AE41 /* PBXContainerItemProxy */;
		};
		4D8087231EF7C4550028AE41 /* PBXTargetDependency */ = {
			isa = PBXTargetDependency;
			target = 4D8087011EF7C4540028AE41 /* 33-Swift之懒加载的使用 */;
			targetProxy = 4D8087221EF7C4550028AE41 /* PBXContainerItemProxy */;
		};
/* End PBXTargetDependency section */

/* Begin PBXVariantGroup section */
		4D8087091EF7C4540028AE41 /* Main.storyboard */ = {
			isa = PBXVariantGroup;
			children = (
				4D80870A1EF7C4540028AE41 /* Base */,
			);
			name = Main.storyboard;
			sourceTree = "<group>";
		};
		4D80870E1EF7C4540028AE41 /* LaunchScreen.storyboard */ = {
			isa = PBXVariantGroup;
			children = (
				4D80870F1EF7C4540028AE41 /* Base */,
			);
			name = LaunchScreen.storyboard;
			sourceTree = "<group>";
		};
/* End PBXVariantGroup section */

/* Begin XCBuildConfiguration section */
		4D8087281EF7C4550028AE41 /* Debug */ = {
			isa = XCBuildConfiguration;
			buildSettings = {
				ALWAYS_SEARCH_USER_PATHS = NO;
				CLANG_ANALYZER_NONNULL = YES;
				CLANG_ANALYZER_NUMBER_OBJECT_CONVERSION = YES_AGGRESSIVE;
				CLANG_CXX_LANGUAGE_STANDARD = "gnu++0x";
				CLANG_CXX_LIBRARY = "libc++";
				CLANG_ENABLE_MODULES = YES;
				CLANG_ENABLE_OBJC_ARC = YES;
				CLANG_WARN_BOOL_CONVERSION = YES;
				CLANG_WARN_CONSTANT_CONVERSION = YES;
				CLANG_WARN_DIRECT_OBJC_ISA_USAGE = YES_ERROR;
				CLANG_WARN_DOCUMENTATION_COMMENTS = YES;
				CLANG_WARN_EMPTY_BODY = YES;
				CLANG_WARN_ENUM_CONVERSION = YES;
				CLANG_WARN_INFINITE_RECURSION = YES;
				CLANG_WARN_INT_CONVERSION = YES;
				CLANG_WARN_OBJC_ROOT_CLASS = YES_ERROR;
				CLANG_WARN_SUSPICIOUS_MOVE = YES;
				CLANG_WARN_UNREACHABLE_CODE = YES;
				CLANG_WARN__DUPLICATE_METHOD_MATCH = YES;
				"CODE_SIGN_IDENTITY[sdk=iphoneos*]" = "iPhone Developer";
				COPY_PHASE_STRIP = NO;
				DEBUG_INFORMATION_FORMAT = dwarf;
				ENABLE_STRICT_OBJC_MSGSEND = YES;
				ENABLE_TESTABILITY = YES;
				GCC_C_LANGUAGE_STANDARD = gnu99;
				GCC_DYNAMIC_NO_PIC = NO;
				GCC_NO_COMMON_BLOCKS = YES;
				GCC_OPTIMIZATION_LEVEL = 0;
				GCC_PREPROCESSOR_DEFINITIONS = (
					"DEBUG=1",
					"$(inherited)",
				);
				GCC_WARN_64_TO_32_BIT_CONVERSION = YES;
				GCC_WARN_ABOUT_RETURN_TYPE = YES_ERROR;
				GCC_WARN_UNDECLARED_SELECTOR = YES;
				GCC_WARN_UNINITIALIZED_AUTOS = YES_AGGRESSIVE;
				GCC_WARN_UNUSED_FUNCTION = YES;
				GCC_WARN_UNUSED_VARIABLE = YES;
				IPHONEOS_DEPLOYMENT_TARGET = 10.3;
				MTL_ENABLE_DEBUG_INFO = YES;
				ONLY_ACTIVE_ARCH = YES;
				SDKROOT = iphoneos;
				SWIFT_ACTIVE_COMPILATION_CONDITIONS = DEBUG;
				SWIFT_OPTIMIZATION_LEVEL = "-Onone";
			};
			name = Debug;
		};
		4D8087291EF7C4550028AE41 /* Release */ = {
			isa = XCBuildConfiguration;
			buildSettings = {
				ALWAYS_SEARCH_USER_PATHS = NO;
				CLANG_ANALYZER_NONNULL = YES;
				CLANG_ANALYZER_NUMBER_OBJECT_CONVERSION = YES_AGGRESSIVE;
				CLANG_CXX_LANGUAGE_STANDARD = "gnu++0x";
				CLANG_CXX_LIBRARY = "libc++";
				CLANG_ENABLE_MODULES = YES;
				CLANG_ENABLE_OBJC_ARC = YES;
				CLANG_WARN_BOOL_CONVERSION = YES;
				CLANG_WARN_CONSTANT_CONVERSION = YES;
				CLANG_WARN_DIRECT_OBJC_ISA_USAGE = YES_ERROR;
				CLANG_WARN_DOCUMENTATION_COMMENTS = YES;
				CLANG_WARN_EMPTY_BODY = YES;
				CLANG_WARN_ENUM_CONVERSION = YES;
				CLANG_WARN_INFINITE_RECURSION = YES;
				CLANG_WARN_INT_CONVERSION = YES;
				CLANG_WARN_OBJC_ROOT_CLASS = YES_ERROR;
				CLANG_WARN_SUSPICIOUS_MOVE = YES;
				CLANG_WARN_UNREACHABLE_CODE = YES;
				CLANG_WARN__DUPLICATE_METHOD_MATCH = YES;
				"CODE_SIGN_IDENTITY[sdk=iphoneos*]" = "iPhone Developer";
				COPY_PHASE_STRIP = NO;
				DEBUG_INFORMATION_FORMAT = "dwarf-with-dsym";
				ENABLE_NS_ASSERTIONS = NO;
				ENABLE_STRICT_OBJC_MSGSEND = YES;
				GCC_C_LANGUAGE_STANDARD = gnu99;
				GCC_NO_COMMON_BLOCKS = YES;
				GCC_WARN_64_TO_32_BIT_CONVERSION = YES;
				GCC_WARN_ABOUT_RETURN_TYPE = YES_ERROR;
				GCC_WARN_UNDECLARED_SELECTOR = YES;
				GCC_WARN_UNINITIALIZED_AUTOS = YES_AGGRESSIVE;
				GCC_WARN_UNUSED_FUNCTION = YES;
				GCC_WARN_UNUSED_VARIABLE = YES;
				IPHONEOS_DEPLOYMENT_TARGET = 10.3;
				MTL_ENABLE_DEBUG_INFO = NO;
				SDKROOT = iphoneos;
				SWIFT_OPTIMIZATION_LEVEL = "-Owholemodule";
				VALIDATE_PRODUCT = YES;
			};
			name = Release;
		};
		4D80872B1EF7C4550028AE41 /* Debug */ = {
			isa = XCBuildConfiguration;
			buildSettings = {
				ASSETCATALOG_COMPILER_APPICON_NAME = AppIcon;
				DEVELOPMENT_TEAM = GNZBVV9WD3;
				INFOPLIST_FILE = "33-Swift之懒加载的使用/Info.plist";
				LD_RUNPATH_SEARCH_PATHS = "$(inherited) @executable_path/Frameworks";
				PRODUCT_BUNDLE_IDENTIFIER = "com.HHJ.-3-Swift-------";
				PRODUCT_NAME = "$(TARGET_NAME)";
				SWIFT_VERSION = 3.0;
			};
			name = Debug;
		};
		4D80872C1EF7C4550028AE41 /* Release */ = {
			isa = XCBuildConfiguration;
			buildSettings = {
				ASSETCATALOG_COMPILER_APPICON_NAME = AppIcon;
				DEVELOPMENT_TEAM = GNZBVV9WD3;
				INFOPLIST_FILE = "33-Swift之懒加载的使用/Info.plist";
				LD_RUNPATH_SEARCH_PATHS = "$(inherited) @executable_path/Frameworks";
				PRODUCT_BUNDLE_IDENTIFIER = "com.HHJ.-3-Swift-------";
				PRODUCT_NAME = "$(TARGET_NAME)";
				SWIFT_VERSION = 3.0;
			};
			name = Release;
		};
		4D80872E1EF7C4550028AE41 /* Debug */ = {
			isa = XCBuildConfiguration;
			buildSettings = {
				ALWAYS_EMBED_SWIFT_STANDARD_LIBRARIES = YES;
				BUNDLE_LOADER = "$(TEST_HOST)";
				DEVELOPMENT_TEAM = GNZBVV9WD3;
				INFOPLIST_FILE = "33-Swift之懒加载的使用Tests/Info.plist";
				LD_RUNPATH_SEARCH_PATHS = "$(inherited) @executable_path/Frameworks @loader_path/Frameworks";
				PRODUCT_BUNDLE_IDENTIFIER = "com.HHJ.-3-Swift-------Tests";
				PRODUCT_NAME = "$(TARGET_NAME)";
				SWIFT_VERSION = 3.0;
				TEST_HOST = "$(BUILT_PRODUCTS_DIR)/33-Swift之懒加载的使用.app/33-Swift之懒加载的使用";
			};
			name = Debug;
		};
		4D80872F1EF7C4550028AE41 /* Release */ = {
			isa = XCBuildConfiguration;
			buildSettings = {
				ALWAYS_EMBED_SWIFT_STANDARD_LIBRARIES = YES;
				BUNDLE_LOADER = "$(TEST_HOST)";
				DEVELOPMENT_TEAM = GNZBVV9WD3;
				INFOPLIST_FILE = "33-Swift之懒加载的使用Tests/Info.plist";
				LD_RUNPATH_SEARCH_PATHS = "$(inherited) @executable_path/Frameworks @loader_path/Frameworks";
				PRODUCT_BUNDLE_IDENTIFIER = "com.HHJ.-3-Swift-------Tests";
				PRODUCT_NAME = "$(TARGET_NAME)";
				SWIFT_VERSION = 3.0;
				TEST_HOST = "$(BUILT_PRODUCTS_DIR)/33-Swift之懒加载的使用.app/33-Swift之懒加载的使用";
			};
			name = Release;
		};
		4D8087311EF7C4550028AE41 /* Debug */ = {
			isa = XCBuildConfiguration;
			buildSettings = {
				ALWAYS_EMBED_SWIFT_STANDARD_LIBRARIES = YES;
				DEVELOPMENT_TEAM = GNZBVV9WD3;
				INFOPLIST_FILE = "33-Swift之懒加载的使用UITests/Info.plist";
				LD_RUNPATH_SEARCH_PATHS = "$(inherited) @executable_path/Frameworks @loader_path/Frameworks";
				PRODUCT_BUNDLE_IDENTIFIER = "com.HHJ.-3-Swift-------UITests";
				PRODUCT_NAME = "$(TARGET_NAME)";
				SWIFT_VERSION = 3.0;
				TEST_TARGET_NAME = "33-Swift之懒加载的使用";
			};
			name = Debug;
		};
		4D8087321EF7C4550028AE41 /* Release */ = {
			isa = XCBuildConfiguration;
			buildSettings = {
				ALWAYS_EMBED_SWIFT_STANDARD_LIBRARIES = YES;
				DEVELOPMENT_TEAM = GNZBVV9WD3;
				INFOPLIST_FILE = "33-Swift之懒加载的使用UITests/Info.plist";
				LD_RUNPATH_SEARCH_PATHS = "$(inherited) @executable_path/Frameworks @loader_path/Frameworks";
				PRODUCT_BUNDLE_IDENTIFIER = "com.HHJ.-3-Swift-------UITests";
				PRODUCT_NAME = "$(TARGET_NAME)";
				SWIFT_VERSION = 3.0;
				TEST_TARGET_NAME = "33-Swift之懒加载的使用";
			};
			name = Release;
		};
/* End XCBuildConfiguration section */

/* Begin XCConfigurationList section */
		4D8086FD1EF7C4540028AE41 /* Build configuration list for PBXProject "33-Swift之懒加载的使用" */ = {
			isa = XCConfigurationList;
			buildConfigurations = (
				4D8087281EF7C4550028AE41 /* Debug */,
				4D8087291EF7C4550028AE41 /* Release */,
			);
			defaultConfigurationIsVisible = 0;
			defaultConfigurationName = Release;
		};
		4D80872A1EF7C4550028AE41 /* Build configuration list for PBXNativeTarget "33-Swift之懒加载的使用" */ = {
			isa = XCConfigurationList;
			buildConfigurations = (
				4D80872B1EF7C4550028AE41 /* Debug */,
				4D80872C1EF7C4550028AE41 /* Release */,
			);
			defaultConfigurationIsVisible = 0;
		};
		4D80872D1EF7C4550028AE41 /* Build configuration list for PBXNativeTarget "33-Swift之懒加载的使用Tests" */ = {
			isa = XCConfigurationList;
			buildConfigurations = (
				4D80872E1EF7C4550028AE41 /* Debug */,
				4D80872F1EF7C4550028AE41 /* Release */,
			);
			defaultConfigurationIsVisible = 0;
		};
		4D8087301EF7C4550028AE41 /* Build configuration list for PBXNativeTarget "33-Swift之懒加载的使用UITests" */ = {
			isa = XCConfigurationList;
			buildConfigurations = (
				4D8087311EF7C4550028AE41 /* Debug */,
				4D8087321EF7C4550028AE41 /* Release */,
			);
			defaultConfigurationIsVisible = 0;
		};
/* End XCConfigurationList section */
	};
	rootObject = 4D8086FA1EF7C4540028AE41 /* Project object */;
}
