// !$*UTF8*$!
{
	archiveVersion = 1;
	classes = {
	};
	objectVersion = 46;
	objects = {

/* Begin PBXBuildFile section */
		4D3722BF1EF7A218003F433C /* AppDelegate.swift in Sources */ = {isa = PBXBuildFile; fileRef = 4D3722BE1EF7A218003F433C /* AppDelegate.swift */; };
		4D3722C11EF7A218003F433C /* ViewController.swift in Sources */ = {isa = PBXBuildFile; fileRef = 4D3722C01EF7A218003F433C /* ViewController.swift */; };
		4D3722C41EF7A218003F433C /* Main.storyboard in Resources */ = {isa = PBXBuildFile; fileRef = 4D3722C21EF7A218003F433C /* Main.storyboard */; };
		4D3722C61EF7A218003F433C /* Assets.xcassets in Resources */ = {isa = PBXBuildFile; fileRef = 4D3722C51EF7A218003F433C /* Assets.xcassets */; };
		4D3722C91EF7A218003F433C /* LaunchScreen.storyboard in Resources */ = {isa = PBXBuildFile; fileRef = 4D3722C71EF7A218003F433C /* LaunchScreen.storyboard */; };
		4D3722D41EF7A218003F433C /* _2_Swift______Tests.swift in Sources */ = {isa = PBXBuildFile; fileRef = 4D3722D31EF7A218003F433C /* _2_Swift______Tests.swift */; };
		4D3722DF1EF7A218003F433C /* _2_Swift______UITests.swift in Sources */ = {isa = PBXBuildFile; fileRef = 4D3722DE1EF7A218003F433C /* _2_Swift______UITests.swift */; };
		4D3722ED1EF7ACC2003F433C /* HTTPRequestTool.swift in Sources */ = {isa = PBXBuildFile; fileRef = 4D3722EC1EF7ACC2003F433C /* HTTPRequestTool.swift */; };
/* End PBXBuildFile section */

/* Begin PBXContainerItemProxy section */
		4D3722D01EF7A218003F433C /* PBXContainerItemProxy */ = {
			isa = PBXContainerItemProxy;
			containerPortal = 4D3722B31EF7A218003F433C /* Project object */;
			proxyType = 1;
			remoteGlobalIDString = 4D3722BA1EF7A218003F433C;
			remoteInfo = "32-Swift之闭包的使用";
		};
		4D3722DB1EF7A218003F433C /* PBXContainerItemProxy */ = {
			isa = PBXContainerItemProxy;
			containerPortal = 4D3722B31EF7A218003F433C /* Project object */;
			proxyType = 1;
			remoteGlobalIDString = 4D3722BA1EF7A218003F433C;
			remoteInfo = "32-Swift之闭包的使用";
		};
/* End PBXContainerItemProxy section */

/* Begin PBXFileReference section */
		4D3722BB1EF7A218003F433C /* 32-Swift之闭包的使用.app */ = {isa = PBXFileReference; explicitFileType = wrapper.application; includeInIndex = 0; path = "32-Swift之闭包的使用.app"; sourceTree = BUILT_PRODUCTS_DIR; };
		4D3722BE1EF7A218003F433C /* AppDelegate.swift */ = {isa = PBXFileReference; lastKnownFileType = sourcecode.swift; path = AppDelegate.swift; sourceTree = "<group>"; };
		4D3722C01EF7A218003F433C /* ViewController.swift */ = {isa = PBXFileReference; lastKnownFileType = sourcecode.swift; path = ViewController.swift; sourceTree = "<group>"; };
		4D3722C31EF7A218003F433C /* Base */ = {isa = PBXFileReference; lastKnownFileType = file.storyboard; name = Base; path = Base.lproj/Main.storyboard; sourceTree = "<group>"; };
		4D3722C51EF7A218003F433C /* Assets.xcassets */ = {isa = PBXFileReference; lastKnownFileType = folder.assetcatalog; path = Assets.xcassets; sourceTree = "<group>"; };
		4D3722C81EF7A218003F433C /* Base */ = {isa = PBXFileReference; lastKnownFileType = file.storyboard; name = Base; path = Base.lproj/LaunchScreen.storyboard; sourceTree = "<group>"; };
		4D3722CA1EF7A218003F433C /* Info.plist */ = {isa = PBXFileReference; lastKnownFileType = text.plist.xml; path = Info.plist; sourceTree = "<group>"; };
		4D3722CF1EF7A218003F433C /* 32-Swift之闭包的使用Tests.xctest */ = {isa = PBXFileReference; explicitFileType = wrapper.cfbundle; includeInIndex = 0; path = "32-Swift之闭包的使用Tests.xctest"; sourceTree = BUILT_PRODUCTS_DIR; };
		4D3722D31EF7A218003F433C /* _2_Swift______Tests.swift */ = {isa = PBXFileReference; lastKnownFileType = sourcecode.swift; path = "_2_Swift______Tests.swift"; sourceTree = "<group>"; };
		4D3722D51EF7A218003F433C /* Info.plist */ = {isa = PBXFileReference; lastKnownFileType = text.plist.xml; path = Info.plist; sourceTree = "<group>"; };
		4D3722DA1EF7A218003F433C /* 32-Swift之闭包的使用UITests.xctest */ = {isa = PBXFileReference; explicitFileType = wrapper.cfbundle; includeInIndex = 0; path = "32-Swift之闭包的使用UITests.xctest"; sourceTree = BUILT_PRODUCTS_DIR; };
		4D3722DE1EF7A218003F433C /* _2_Swift______UITests.swift */ = {isa = PBXFileReference; lastKnownFileType = sourcecode.swift; path = "_2_Swift______UITests.swift"; sourceTree = "<group>"; };
		4D3722E01EF7A218003F433C /* Info.plist */ = {isa = PBXFileReference; lastKnownFileType = text.plist.xml; path = Info.plist; sourceTree = "<group>"; };
		4D3722EC1EF7ACC2003F433C /* HTTPRequestTool.swift */ = {isa = PBXFileReference; fileEncoding = 4; lastKnownFileType = sourcecode.swift; path = HTTPRequestTool.swift; sourceTree = "<group>"; };
/* End PBXFileReference section */

/* Begin PBXFrameworksBuildPhase section */
		4D3722B81EF7A218003F433C /* Frameworks */ = {
			isa = PBXFrameworksBuildPhase;
			buildActionMask = 2147483647;
			files = (
			);
			runOnlyForDeploymentPostprocessing = 0;
		};
		4D3722CC1EF7A218003F433C /* Frameworks */ = {
			isa = PBXFrameworksBuildPhase;
			buildActionMask = 2147483647;
			files = (
			);
			runOnlyForDeploymentPostprocessing = 0;
		};
		4D3722D71EF7A218003F433C /* Frameworks */ = {
			isa = PBXFrameworksBuildPhase;
			buildActionMask = 2147483647;
			files = (
			);
			runOnlyForDeploymentPostprocessing = 0;
		};
/* End PBXFrameworksBuildPhase section */

/* Begin PBXGroup section */
		4D3722B21EF7A218003F433C = {
			isa = PBXGroup;
			children = (
				4D3722BD1EF7A218003F433C /* 32-Swift之闭包的使用 */,
				4D3722D21EF7A218003F433C /* 32-Swift之闭包的使用Tests */,
				4D3722DD1EF7A218003F433C /* 32-Swift之闭包的使用UITests */,
				4D3722BC1EF7A218003F433C /* Products */,
			);
			sourceTree = "<group>";
		};
		4D3722BC1EF7A218003F433C /* Products */ = {
			isa = PBXGroup;
			children = (
				4D3722BB1EF7A218003F433C /* 32-Swift之闭包的使用.app */,
				4D3722CF1EF7A218003F433C /* 32-Swift之闭包的使用Tests.xctest */,
				4D3722DA1EF7A218003F433C /* 32-Swift之闭包的使用UITests.xctest */,
			);
			name = Products;
			sourceTree = "<group>";
		};
		4D3722BD1EF7A218003F433C /* 32-Swift之闭包的使用 */ = {
			isa = PBXGroup;
			children = (
				4D3722BE1EF7A218003F433C /* AppDelegate.swift */,
				4D3722C01EF7A218003F433C /* ViewController.swift */,
				4D3722EC1EF7ACC2003F433C /* HTTPRequestTool.swift */,
				4D3722C21EF7A218003F433C /* Main.storyboard */,
				4D3722C51EF7A218003F433C /* Assets.xcassets */,
				4D3722C71EF7A218003F433C /* LaunchScreen.storyboard */,
				4D3722CA1EF7A218003F433C /* Info.plist */,
			);
			path = "32-Swift之闭包的使用";
			sourceTree = "<group>";
		};
		4D3722D21EF7A218003F433C /* 32-Swift之闭包的使用Tests */ = {
			isa = PBXGroup;
			children = (
				4D3722D31EF7A218003F433C /* _2_Swift______Tests.swift */,
				4D3722D51EF7A218003F433C /* Info.plist */,
			);
			path = "32-Swift之闭包的使用Tests";
			sourceTree = "<group>";
		};
		4D3722DD1EF7A218003F433C /* 32-Swift之闭包的使用UITests */ = {
			isa = PBXGroup;
			children = (
				4D3722DE1EF7A218003F433C /* _2_Swift______UITests.swift */,
				4D3722E01EF7A218003F433C /* Info.plist */,
			);
			path = "32-Swift之闭包的使用UITests";
			sourceTree = "<group>";
		};
/* End PBXGroup section */

/* Begin PBXNativeTarget section */
		4D3722BA1EF7A218003F433C /* 32-Swift之闭包的使用 */ = {
			isa = PBXNativeTarget;
			buildConfigurationList = 4D3722E31EF7A218003F433C /* Build configuration list for PBXNativeTarget "32-Swift之闭包的使用" */;
			buildPhases = (
				4D3722B71EF7A218003F433C /* Sources */,
				4D3722B81EF7A218003F433C /* Frameworks */,
				4D3722B91EF7A218003F433C /* Resources */,
			);
			buildRules = (
			);
			dependencies = (
			);
			name = "32-Swift之闭包的使用";
			productName = "32-Swift之闭包的使用";
			productReference = 4D3722BB1EF7A218003F433C /* 32-Swift之闭包的使用.app */;
			productType = "com.apple.product-type.application";
		};
		4D3722CE1EF7A218003F433C /* 32-Swift之闭包的使用Tests */ = {
			isa = PBXNativeTarget;
			buildConfigurationList = 4D3722E61EF7A218003F433C /* Build configuration list for PBXNativeTarget "32-Swift之闭包的使用Tests" */;
			buildPhases = (
				4D3722CB1EF7A218003F433C /* Sources */,
				4D3722CC1EF7A218003F433C /* Frameworks */,
				4D3722CD1EF7A218003F433C /* Resources */,
			);
			buildRules = (
			);
			dependencies = (
				4D3722D11EF7A218003F433C /* PBXTargetDependency */,
			);
			name = "32-Swift之闭包的使用Tests";
			productName = "32-Swift之闭包的使用Tests";
			productReference = 4D3722CF1EF7A218003F433C /* 32-Swift之闭包的使用Tests.xctest */;
			productType = "com.apple.product-type.bundle.unit-test";
		};
		4D3722D91EF7A218003F433C /* 32-Swift之闭包的使用UITests */ = {
			isa = PBXNativeTarget;
			buildConfigurationList = 4D3722E91EF7A218003F433C /* Build configuration list for PBXNativeTarget "32-Swift之闭包的使用UITests" */;
			buildPhases = (
				4D3722D61EF7A218003F433C /* Sources */,
				4D3722D71EF7A218003F433C /* Frameworks */,
				4D3722D81EF7A218003F433C /* Resources */,
			);
			buildRules = (
			);
			dependencies = (
				4D3722DC1EF7A218003F433C /* PBXTargetDependency */,
			);
			name = "32-Swift之闭包的使用UITests";
			productName = "32-Swift之闭包的使用UITests";
			productReference = 4D3722DA1EF7A218003F433C /* 32-Swift之闭包的使用UITests.xctest */;
			productType = "com.apple.product-type.bundle.ui-testing";
		};
/* End PBXNativeTarget section */

/* Begin PBXProject section */
		4D3722B31EF7A218003F433C /* Project object */ = {
			isa = PBXProject;
			attributes = {
				LastSwiftUpdateCheck = 0830;
				LastUpgradeCheck = 0830;
				ORGANIZATIONNAME = "好杰";
				TargetAttributes = {
					4D3722BA1EF7A218003F433C = {
						CreatedOnToolsVersion = 8.3.3;
						DevelopmentTeam = GNZBVV9WD3;
						ProvisioningStyle = Automatic;
					};
					4D3722CE1EF7A218003F433C = {
						CreatedOnToolsVersion = 8.3.3;
						DevelopmentTeam = GNZBVV9WD3;
						ProvisioningStyle = Automatic;
						TestTargetID = 4D3722BA1EF7A218003F433C;
					};
					4D3722D91EF7A218003F433C = {
						CreatedOnToolsVersion = 8.3.3;
						DevelopmentTeam = GNZBVV9WD3;
						ProvisioningStyle = Automatic;
						TestTargetID = 4D3722BA1EF7A218003F433C;
					};
				};
			};
			buildConfigurationList = 4D3722B61EF7A218003F433C /* Build configuration list for PBXProject "32-Swift之闭包的使用" */;
			compatibilityVersion = "Xcode 3.2";
			developmentRegion = English;
			hasScannedForEncodings = 0;
			knownRegions = (
				en,
				Base,
			);
			mainGroup = 4D3722B21EF7A218003F433C;
			productRefGroup = 4D3722BC1EF7A218003F433C /* Products */;
			projectDirPath = "";
			projectRoot = "";
			targets = (
				4D3722BA1EF7A218003F433C /* 32-Swift之闭包的使用 */,
				4D3722CE1EF7A218003F433C /* 32-Swift之闭包的使用Tests */,
				4D3722D91EF7A218003F433C /* 32-Swift之闭包的使用UITests */,
			);
		};
/* End PBXProject section */

/* Begin PBXResourcesBuildPhase section */
		4D3722B91EF7A218003F433C /* Resources */ = {
			isa = PBXResourcesBuildPhase;
			buildActionMask = 2147483647;
			files = (
				4D3722C91EF7A218003F433C /* LaunchScreen.storyboard in Resources */,
				4D3722C61EF7A218003F433C /* Assets.xcassets in Resources */,
				4D3722C41EF7A218003F433C /* Main.storyboard in Resources */,
			);
			runOnlyForDeploymentPostprocessing = 0;
		};
		4D3722CD1EF7A218003F433C /* Resources */ = {
			isa = PBXResourcesBuildPhase;
			buildActionMask = 2147483647;
			files = (
			);
			runOnlyForDeploymentPostprocessing = 0;
		};
		4D3722D81EF7A218003F433C /* Resources */ = {
			isa = PBXResourcesBuildPhase;
			buildActionMask = 2147483647;
			files = (
			);
			runOnlyForDeploymentPostprocessing = 0;
		};
/* End PBXResourcesBuildPhase section */

/* Begin PBXSourcesBuildPhase section */
		4D3722B71EF7A218003F433C /* Sources */ = {
			isa = PBXSourcesBuildPhase;
			buildActionMask = 2147483647;
			files = (
				4D3722ED1EF7ACC2003F433C /* HTTPRequestTool.swift in Sources */,
				4D3722C11EF7A218003F433C /* ViewController.swift in Sources */,
				4D3722BF1EF7A218003F433C /* AppDelegate.swift in Sources */,
			);
			runOnlyForDeploymentPostprocessing = 0;
		};
		4D3722CB1EF7A218003F433C /* Sources */ = {
			isa = PBXSourcesBuildPhase;
			buildActionMask = 2147483647;
			files = (
				4D3722D41EF7A218003F433C /* _2_Swift______Tests.swift in Sources */,
			);
			runOnlyForDeploymentPostprocessing = 0;
		};
		4D3722D61EF7A218003F433C /* Sources */ = {
			isa = PBXSourcesBuildPhase;
			buildActionMask = 2147483647;
			files = (
				4D3722DF1EF7A218003F433C /* _2_Swift______UITests.swift in Sources */,
			);
			runOnlyForDeploymentPostprocessing = 0;
		};
/* End PBXSourcesBuildPhase section */

/* Begin PBXTargetDependency section */
		4D3722D11EF7A218003F433C /* PBXTargetDependency */ = {
			isa = PBXTargetDependency;
			target = 4D3722BA1EF7A218003F433C /* 32-Swift之闭包的使用 */;
			targetProxy = 4D3722D01EF7A218003F433C /* PBXContainerItemProxy */;
		};
		4D3722DC1EF7A218003F433C /* PBXTargetDependency */ = {
			isa = PBXTargetDependency;
			target = 4D3722BA1EF7A218003F433C /* 32-Swift之闭包的使用 */;
			targetProxy = 4D3722DB1EF7A218003F433C /* PBXContainerItemProxy */;
		};
/* End PBXTargetDependency section */

/* Begin PBXVariantGroup section */
		4D3722C21EF7A218003F433C /* Main.storyboard */ = {
			isa = PBXVariantGroup;
			children = (
				4D3722C31EF7A218003F433C /* Base */,
			);
			name = Main.storyboard;
			sourceTree = "<group>";
		};
		4D3722C71EF7A218003F433C /* LaunchScreen.storyboard */ = {
			isa = PBXVariantGroup;
			children = (
				4D3722C81EF7A218003F433C /* Base */,
			);
			name = LaunchScreen.storyboard;
			sourceTree = "<group>";
		};
/* End PBXVariantGroup section */

/* Begin XCBuildConfiguration section */
		4D3722E11EF7A218003F433C /* Debug */ = {
			isa = XCBuildConfiguration;
			buildSettings = {
				ALWAYS_SEARCH_USER_PATHS = NO;
				CLANG_ANALYZER_NONNULL = YES;
				CLANG_ANALYZER_NUMBER_OBJECT_CONVERSION = YES_AGGRESSIVE;
				CLANG_CXX_LANGUAGE_STANDARD = "gnu++0x";
				CLANG_CXX_LIBRARY = "libc++";
				CLANG_ENABLE_MODULES = YES;
				CLANG_ENABLE_OBJC_ARC = YES;
				CLANG_WARN_BOOL_CONVERSION = YES;
				CLANG_WARN_CONSTANT_CONVERSION = YES;
				CLANG_WARN_DIRECT_OBJC_ISA_USAGE = YES_ERROR;
				CLANG_WARN_DOCUMENTATION_COMMENTS = YES;
				CLANG_WARN_EMPTY_BODY = YES;
				CLANG_WARN_ENUM_CONVERSION = YES;
				CLANG_WARN_INFINITE_RECURSION = YES;
				CLANG_WARN_INT_CONVERSION = YES;
				CLANG_WARN_OBJC_ROOT_CLASS = YES_ERROR;
				CLANG_WARN_SUSPICIOUS_MOVE = YES;
				CLANG_WARN_UNREACHABLE_CODE = YES;
				CLANG_WARN__DUPLICATE_METHOD_MATCH = YES;
				"CODE_SIGN_IDENTITY[sdk=iphoneos*]" = "iPhone Developer";
				COPY_PHASE_STRIP = NO;
				DEBUG_INFORMATION_FORMAT = dwarf;
				ENABLE_STRICT_OBJC_MSGSEND = YES;
				ENABLE_TESTABILITY = YES;
				GCC_C_LANGUAGE_STANDARD = gnu99;
				GCC_DYNAMIC_NO_PIC = NO;
				GCC_NO_COMMON_BLOCKS = YES;
				GCC_OPTIMIZATION_LEVEL = 0;
				GCC_PREPROCESSOR_DEFINITIONS = (
					"DEBUG=1",
					"$(inherited)",
				);
				GCC_WARN_64_TO_32_BIT_CONVERSION = YES;
				GCC_WARN_ABOUT_RETURN_TYPE = YES_ERROR;
				GCC_WARN_UNDECLARED_SELECTOR = YES;
				GCC_WARN_UNINITIALIZED_AUTOS = YES_AGGRESSIVE;
				GCC_WARN_UNUSED_FUNCTION = YES;
				GCC_WARN_UNUSED_VARIABLE = YES;
				IPHONEOS_DEPLOYMENT_TARGET = 10.3;
				MTL_ENABLE_DEBUG_INFO = YES;
				ONLY_ACTIVE_ARCH = YES;
				SDKROOT = iphoneos;
				SWIFT_ACTIVE_COMPILATION_CONDITIONS = DEBUG;
				SWIFT_OPTIMIZATION_LEVEL = "-Onone";
			};
			name = Debug;
		};
		4D3722E21EF7A218003F433C /* Release */ = {
			isa = XCBuildConfiguration;
			buildSettings = {
				ALWAYS_SEARCH_USER_PATHS = NO;
				CLANG_ANALYZER_NONNULL = YES;
				CLANG_ANALYZER_NUMBER_OBJECT_CONVERSION = YES_AGGRESSIVE;
				CLANG_CXX_LANGUAGE_STANDARD = "gnu++0x";
				CLANG_CXX_LIBRARY = "libc++";
				CLANG_ENABLE_MODULES = YES;
				CLANG_ENABLE_OBJC_ARC = YES;
				CLANG_WARN_BOOL_CONVERSION = YES;
				CLANG_WARN_CONSTANT_CONVERSION = YES;
				CLANG_WARN_DIRECT_OBJC_ISA_USAGE = YES_ERROR;
				CLANG_WARN_DOCUMENTATION_COMMENTS = YES;
				CLANG_WARN_EMPTY_BODY = YES;
				CLANG_WARN_ENUM_CONVERSION = YES;
				CLANG_WARN_INFINITE_RECURSION = YES;
				CLANG_WARN_INT_CONVERSION = YES;
				CLANG_WARN_OBJC_ROOT_CLASS = YES_ERROR;
				CLANG_WARN_SUSPICIOUS_MOVE = YES;
				CLANG_WARN_UNREACHABLE_CODE = YES;
				CLANG_WARN__DUPLICATE_METHOD_MATCH = YES;
				"CODE_SIGN_IDENTITY[sdk=iphoneos*]" = "iPhone Developer";
				COPY_PHASE_STRIP = NO;
				DEBUG_INFORMATION_FORMAT = "dwarf-with-dsym";
				ENABLE_NS_ASSERTIONS = NO;
				ENABLE_STRICT_OBJC_MSGSEND = YES;
				GCC_C_LANGUAGE_STANDARD = gnu99;
				GCC_NO_COMMON_BLOCKS = YES;
				GCC_WARN_64_TO_32_BIT_CONVERSION = YES;
				GCC_WARN_ABOUT_RETURN_TYPE = YES_ERROR;
				GCC_WARN_UNDECLARED_SELECTOR = YES;
				GCC_WARN_UNINITIALIZED_AUTOS = YES_AGGRESSIVE;
				GCC_WARN_UNUSED_FUNCTION = YES;
				GCC_WARN_UNUSED_VARIABLE = YES;
				IPHONEOS_DEPLOYMENT_TARGET = 10.3;
				MTL_ENABLE_DEBUG_INFO = NO;
				SDKROOT = iphoneos;
				SWIFT_OPTIMIZATION_LEVEL = "-Owholemodule";
				VALIDATE_PRODUCT = YES;
			};
			name = Release;
		};
		4D3722E41EF7A218003F433C /* Debug */ = {
			isa = XCBuildConfiguration;
			buildSettings = {
				ASSETCATALOG_COMPILER_APPICON_NAME = AppIcon;
				DEVELOPMENT_TEAM = GNZBVV9WD3;
				INFOPLIST_FILE = "32-Swift之闭包的使用/Info.plist";
				LD_RUNPATH_SEARCH_PATHS = "$(inherited) @executable_path/Frameworks";
				PRODUCT_BUNDLE_IDENTIFIER = "com.HHJ.-2-Swift------";
				PRODUCT_NAME = "$(TARGET_NAME)";
				SWIFT_VERSION = 3.0;
			};
			name = Debug;
		};
		4D3722E51EF7A218003F433C /* Release */ = {
			isa = XCBuildConfiguration;
			buildSettings = {
				ASSETCATALOG_COMPILER_APPICON_NAME = AppIcon;
				DEVELOPMENT_TEAM = GNZBVV9WD3;
				INFOPLIST_FILE = "32-Swift之闭包的使用/Info.plist";
				LD_RUNPATH_SEARCH_PATHS = "$(inherited) @executable_path/Frameworks";
				PRODUCT_BUNDLE_IDENTIFIER = "com.HHJ.-2-Swift------";
				PRODUCT_NAME = "$(TARGET_NAME)";
				SWIFT_VERSION = 3.0;
			};
			name = Release;
		};
		4D3722E71EF7A218003F433C /* Debug */ = {
			isa = XCBuildConfiguration;
			buildSettings = {
				ALWAYS_EMBED_SWIFT_STANDARD_LIBRARIES = YES;
				BUNDLE_LOADER = "$(TEST_HOST)";
				DEVELOPMENT_TEAM = GNZBVV9WD3;
				INFOPLIST_FILE = "32-Swift之闭包的使用Tests/Info.plist";
				LD_RUNPATH_SEARCH_PATHS = "$(inherited) @executable_path/Frameworks @loader_path/Frameworks";
				PRODUCT_BUNDLE_IDENTIFIER = "com.HHJ.-2-Swift------Tests";
				PRODUCT_NAME = "$(TARGET_NAME)";
				SWIFT_VERSION = 3.0;
				TEST_HOST = "$(BUILT_PRODUCTS_DIR)/32-Swift之闭包的使用.app/32-Swift之闭包的使用";
			};
			name = Debug;
		};
		4D3722E81EF7A218003F433C /* Release */ = {
			isa = XCBuildConfiguration;
			buildSettings = {
				ALWAYS_EMBED_SWIFT_STANDARD_LIBRARIES = YES;
				BUNDLE_LOADER = "$(TEST_HOST)";
				DEVELOPMENT_TEAM = GNZBVV9WD3;
				INFOPLIST_FILE = "32-Swift之闭包的使用Tests/Info.plist";
				LD_RUNPATH_SEARCH_PATHS = "$(inherited) @executable_path/Frameworks @loader_path/Frameworks";
				PRODUCT_BUNDLE_IDENTIFIER = "com.HHJ.-2-Swift------Tests";
				PRODUCT_NAME = "$(TARGET_NAME)";
				SWIFT_VERSION = 3.0;
				TEST_HOST = "$(BUILT_PRODUCTS_DIR)/32-Swift之闭包的使用.app/32-Swift之闭包的使用";
			};
			name = Release;
		};
		4D3722EA1EF7A218003F433C /* Debug */ = {
			isa = XCBuildConfiguration;
			buildSettings = {
				ALWAYS_EMBED_SWIFT_STANDARD_LIBRARIES = YES;
				DEVELOPMENT_TEAM = GNZBVV9WD3;
				INFOPLIST_FILE = "32-Swift之闭包的使用UITests/Info.plist";
				LD_RUNPATH_SEARCH_PATHS = "$(inherited) @executable_path/Frameworks @loader_path/Frameworks";
				PRODUCT_BUNDLE_IDENTIFIER = "com.HHJ.-2-Swift------UITests";
				PRODUCT_NAME = "$(TARGET_NAME)";
				SWIFT_VERSION = 3.0;
				TEST_TARGET_NAME = "32-Swift之闭包的使用";
			};
			name = Debug;
		};
		4D3722EB1EF7A218003F433C /* Release */ = {
			isa = XCBuildConfiguration;
			buildSettings = {
				ALWAYS_EMBED_SWIFT_STANDARD_LIBRARIES = YES;
				DEVELOPMENT_TEAM = GNZBVV9WD3;
				INFOPLIST_FILE = "32-Swift之闭包的使用UITests/Info.plist";
				LD_RUNPATH_SEARCH_PATHS = "$(inherited) @executable_path/Frameworks @loader_path/Frameworks";
				PRODUCT_BUNDLE_IDENTIFIER = "com.HHJ.-2-Swift------UITests";
				PRODUCT_NAME = "$(TARGET_NAME)";
				SWIFT_VERSION = 3.0;
				TEST_TARGET_NAME = "32-Swift之闭包的使用";
			};
			name = Release;
		};
/* End XCBuildConfiguration section */

/* Begin XCConfigurationList section */
		4D3722B61EF7A218003F433C /* Build configuration list for PBXProject "32-Swift之闭包的使用" */ = {
			isa = XCConfigurationList;
			buildConfigurations = (
				4D3722E11EF7A218003F433C /* Debug */,
				4D3722E21EF7A218003F433C /* Release */,
			);
			defaultConfigurationIsVisible = 0;
			defaultConfigurationName = Release;
		};
		4D3722E31EF7A218003F433C /* Build configuration list for PBXNativeTarget "32-Swift之闭包的使用" */ = {
			isa = XCConfigurationList;
			buildConfigurations = (
				4D3722E41EF7A218003F433C /* Debug */,
				4D3722E51EF7A218003F433C /* Release */,
			);
			defaultConfigurationIsVisible = 0;
		};
		4D3722E61EF7A218003F433C /* Build configuration list for PBXNativeTarget "32-Swift之闭包的使用Tests" */ = {
			isa = XCConfigurationList;
			buildConfigurations = (
				4D3722E71EF7A218003F433C /* Debug */,
				4D3722E81EF7A218003F433C /* Release */,
			);
			defaultConfigurationIsVisible = 0;
		};
		4D3722E91EF7A218003F433C /* Build configuration list for PBXNativeTarget "32-Swift之闭包的使用UITests" */ = {
			isa = XCConfigurationList;
			buildConfigurations = (
				4D3722EA1EF7A218003F433C /* Debug */,
				4D3722EB1EF7A218003F433C /* Release */,
			);
			defaultConfigurationIsVisible = 0;
		};
/* End XCConfigurationList section */
	};
	rootObject = 4D3722B31EF7A218003F433C /* Project object */;
}
