// !$*UTF8*$!
{
	archiveVersion = 1;
	classes = {
	};
	objectVersion = 46;
	objects = {

/* Begin PBXBuildFile section */
		4D8087401EF7CD050028AE41 /* AppDelegate.swift in Sources */ = {isa = PBXBuildFile; fileRef = 4D80873F1EF7CD050028AE41 /* AppDelegate.swift */; };
		4D8087421EF7CD050028AE41 /* ViewController.swift in Sources */ = {isa = PBXBuildFile; fileRef = 4D8087411EF7CD050028AE41 /* ViewController.swift */; };
		4D8087451EF7CD050028AE41 /* Main.storyboard in Resources */ = {isa = PBXBuildFile; fileRef = 4D8087431EF7CD050028AE41 /* Main.storyboard */; };
		4D8087471EF7CD050028AE41 /* Assets.xcassets in Resources */ = {isa = PBXBuildFile; fileRef = 4D8087461EF7CD050028AE41 /* Assets.xcassets */; };
		4D80874A1EF7CD050028AE41 /* LaunchScreen.storyboard in Resources */ = {isa = PBXBuildFile; fileRef = 4D8087481EF7CD050028AE41 /* LaunchScreen.storyboard */; };
		4D8087551EF7CD050028AE41 /* _4_Swift_____Tests.swift in Sources */ = {isa = PBXBuildFile; fileRef = 4D8087541EF7CD050028AE41 /* _4_Swift_____Tests.swift */; };
		4D8087601EF7CD050028AE41 /* _4_Swift_____UITests.swift in Sources */ = {isa = PBXBuildFile; fileRef = 4D80875F1EF7CD050028AE41 /* _4_Swift_____UITests.swift */; };
/* End PBXBuildFile section */

/* Begin PBXContainerItemProxy section */
		4D8087511EF7CD050028AE41 /* PBXContainerItemProxy */ = {
			isa = PBXContainerItemProxy;
			containerPortal = 4D8087341EF7CD050028AE41 /* Project object */;
			proxyType = 1;
			remoteGlobalIDString = 4D80873B1EF7CD050028AE41;
			remoteInfo = "34-Swift之访问权限";
		};
		4D80875C1EF7CD050028AE41 /* PBXContainerItemProxy */ = {
			isa = PBXContainerItemProxy;
			containerPortal = 4D8087341EF7CD050028AE41 /* Project object */;
			proxyType = 1;
			remoteGlobalIDString = 4D80873B1EF7CD050028AE41;
			remoteInfo = "34-Swift之访问权限";
		};
/* End PBXContainerItemProxy section */

/* Begin PBXFileReference section */
		4D80873C1EF7CD050028AE41 /* 34-Swift之访问权限.app */ = {isa = PBXFileReference; explicitFileType = wrapper.application; includeInIndex = 0; path = "34-Swift之访问权限.app"; sourceTree = BUILT_PRODUCTS_DIR; };
		4D80873F1EF7CD050028AE41 /* AppDelegate.swift */ = {isa = PBXFileReference; lastKnownFileType = sourcecode.swift; path = AppDelegate.swift; sourceTree = "<group>"; };
		4D8087411EF7CD050028AE41 /* ViewController.swift */ = {isa = PBXFileReference; lastKnownFileType = sourcecode.swift; path = ViewController.swift; sourceTree = "<group>"; };
		4D8087441EF7CD050028AE41 /* Base */ = {isa = PBXFileReference; lastKnownFileType = file.storyboard; name = Base; path = Base.lproj/Main.storyboard; sourceTree = "<group>"; };
		4D8087461EF7CD050028AE41 /* Assets.xcassets */ = {isa = PBXFileReference; lastKnownFileType = folder.assetcatalog; path = Assets.xcassets; sourceTree = "<group>"; };
		4D8087491EF7CD050028AE41 /* Base */ = {isa = PBXFileReference; lastKnownFileType = file.storyboard; name = Base; path = Base.lproj/LaunchScreen.storyboard; sourceTree = "<group>"; };
		4D80874B1EF7CD050028AE41 /* Info.plist */ = {isa = PBXFileReference; lastKnownFileType = text.plist.xml; path = Info.plist; sourceTree = "<group>"; };
		4D8087501EF7CD050028AE41 /* 34-Swift之访问权限Tests.xctest */ = {isa = PBXFileReference; explicitFileType = wrapper.cfbundle; includeInIndex = 0; path = "34-Swift之访问权限Tests.xctest"; sourceTree = BUILT_PRODUCTS_DIR; };
		4D8087541EF7CD050028AE41 /* _4_Swift_____Tests.swift */ = {isa = PBXFileReference; lastKnownFileType = sourcecode.swift; path = "_4_Swift_____Tests.swift"; sourceTree = "<group>"; };
		4D8087561EF7CD050028AE41 /* Info.plist */ = {isa = PBXFileReference; lastKnownFileType = text.plist.xml; path = Info.plist; sourceTree = "<group>"; };
		4D80875B1EF7CD050028AE41 /* 34-Swift之访问权限UITests.xctest */ = {isa = PBXFileReference; explicitFileType = wrapper.cfbundle; includeInIndex = 0; path = "34-Swift之访问权限UITests.xctest"; sourceTree = BUILT_PRODUCTS_DIR; };
		4D80875F1EF7CD050028AE41 /* _4_Swift_____UITests.swift */ = {isa = PBXFileReference; lastKnownFileType = sourcecode.swift; path = "_4_Swift_____UITests.swift"; sourceTree = "<group>"; };
		4D8087611EF7CD050028AE41 /* Info.plist */ = {isa = PBXFileReference; lastKnownFileType = text.plist.xml; path = Info.plist; sourceTree = "<group>"; };
/* End PBXFileReference section */

/* Begin PBXFrameworksBuildPhase section */
		4D8087391EF7CD050028AE41 /* Frameworks */ = {
			isa = PBXFrameworksBuildPhase;
			buildActionMask = 2147483647;
			files = (
			);
			runOnlyForDeploymentPostprocessing = 0;
		};
		4D80874D1EF7CD050028AE41 /* Frameworks */ = {
			isa = PBXFrameworksBuildPhase;
			buildActionMask = 2147483647;
			files = (
			);
			runOnlyForDeploymentPostprocessing = 0;
		};
		4D8087581EF7CD050028AE41 /* Frameworks */ = {
			isa = PBXFrameworksBuildPhase;
			buildActionMask = 2147483647;
			files = (
			);
			runOnlyForDeploymentPostprocessing = 0;
		};
/* End PBXFrameworksBuildPhase section */

/* Begin PBXGroup section */
		4D8087331EF7CD050028AE41 = {
			isa = PBXGroup;
			children = (
				4D80873E1EF7CD050028AE41 /* 34-Swift之访问权限 */,
				4D8087531EF7CD050028AE41 /* 34-Swift之访问权限Tests */,
				4D80875E1EF7CD050028AE41 /* 34-Swift之访问权限UITests */,
				4D80873D1EF7CD050028AE41 /* Products */,
			);
			sourceTree = "<group>";
		};
		4D80873D1EF7CD050028AE41 /* Products */ = {
			isa = PBXGroup;
			children = (
				4D80873C1EF7CD050028AE41 /* 34-Swift之访问权限.app */,
				4D8087501EF7CD050028AE41 /* 34-Swift之访问权限Tests.xctest */,
				4D80875B1EF7CD050028AE41 /* 34-Swift之访问权限UITests.xctest */,
			);
			name = Products;
			sourceTree = "<group>";
		};
		4D80873E1EF7CD050028AE41 /* 34-Swift之访问权限 */ = {
			isa = PBXGroup;
			children = (
				4D80873F1EF7CD050028AE41 /* AppDelegate.swift */,
				4D8087411EF7CD050028AE41 /* ViewController.swift */,
				4D8087431EF7CD050028AE41 /* Main.storyboard */,
				4D8087461EF7CD050028AE41 /* Assets.xcassets */,
				4D8087481EF7CD050028AE41 /* LaunchScreen.storyboard */,
				4D80874B1EF7CD050028AE41 /* Info.plist */,
			);
			path = "34-Swift之访问权限";
			sourceTree = "<group>";
		};
		4D8087531EF7CD050028AE41 /* 34-Swift之访问权限Tests */ = {
			isa = PBXGroup;
			children = (
				4D8087541EF7CD050028AE41 /* _4_Swift_____Tests.swift */,
				4D8087561EF7CD050028AE41 /* Info.plist */,
			);
			path = "34-Swift之访问权限Tests";
			sourceTree = "<group>";
		};
		4D80875E1EF7CD050028AE41 /* 34-Swift之访问权限UITests */ = {
			isa = PBXGroup;
			children = (
				4D80875F1EF7CD050028AE41 /* _4_Swift_____UITests.swift */,
				4D8087611EF7CD050028AE41 /* Info.plist */,
			);
			path = "34-Swift之访问权限UITests";
			sourceTree = "<group>";
		};
/* End PBXGroup section */

/* Begin PBXNativeTarget section */
		4D80873B1EF7CD050028AE41 /* 34-Swift之访问权限 */ = {
			isa = PBXNativeTarget;
			buildConfigurationList = 4D8087641EF7CD050028AE41 /* Build configuration list for PBXNativeTarget "34-Swift之访问权限" */;
			buildPhases = (
				4D8087381EF7CD050028AE41 /* Sources */,
				4D8087391EF7CD050028AE41 /* Frameworks */,
				4D80873A1EF7CD050028AE41 /* Resources */,
			);
			buildRules = (
			);
			dependencies = (
			);
			name = "34-Swift之访问权限";
			productName = "34-Swift之访问权限";
			productReference = 4D80873C1EF7CD050028AE41 /* 34-Swift之访问权限.app */;
			productType = "com.apple.product-type.application";
		};
		4D80874F1EF7CD050028AE41 /* 34-Swift之访问权限Tests */ = {
			isa = PBXNativeTarget;
			buildConfigurationList = 4D8087671EF7CD050028AE41 /* Build configuration list for PBXNativeTarget "34-Swift之访问权限Tests" */;
			buildPhases = (
				4D80874C1EF7CD050028AE41 /* Sources */,
				4D80874D1EF7CD050028AE41 /* Frameworks */,
				4D80874E1EF7CD050028AE41 /* Resources */,
			);
			buildRules = (
			);
			dependencies = (
				4D8087521EF7CD050028AE41 /* PBXTargetDependency */,
			);
			name = "34-Swift之访问权限Tests";
			productName = "34-Swift之访问权限Tests";
			productReference = 4D8087501EF7CD050028AE41 /* 34-Swift之访问权限Tests.xctest */;
			productType = "com.apple.product-type.bundle.unit-test";
		};
		4D80875A1EF7CD050028AE41 /* 34-Swift之访问权限UITests */ = {
			isa = PBXNativeTarget;
			buildConfigurationList = 4D80876A1EF7CD050028AE41 /* Build configuration list for PBXNativeTarget "34-Swift之访问权限UITests" */;
			buildPhases = (
				4D8087571EF7CD050028AE41 /* Sources */,
				4D8087581EF7CD050028AE41 /* Frameworks */,
				4D8087591EF7CD050028AE41 /* Resources */,
			);
			buildRules = (
			);
			dependencies = (
				4D80875D1EF7CD050028AE41 /* PBXTargetDependency */,
			);
			name = "34-Swift之访问权限UITests";
			productName = "34-Swift之访问权限UITests";
			productReference = 4D80875B1EF7CD050028AE41 /* 34-Swift之访问权限UITests.xctest */;
			productType = "com.apple.product-type.bundle.ui-testing";
		};
/* End PBXNativeTarget section */

/* Begin PBXProject section */
		4D8087341EF7CD050028AE41 /* Project object */ = {
			isa = PBXProject;
			attributes = {
				LastSwiftUpdateCheck = 0830;
				LastUpgradeCheck = 0830;
				ORGANIZATIONNAME = "好杰";
				TargetAttributes = {
					4D80873B1EF7CD050028AE41 = {
						CreatedOnToolsVersion = 8.3.3;
						DevelopmentTeam = GNZBVV9WD3;
						ProvisioningStyle = Automatic;
					};
					4D80874F1EF7CD050028AE41 = {
						CreatedOnToolsVersion = 8.3.3;
						DevelopmentTeam = GNZBVV9WD3;
						ProvisioningStyle = Automatic;
						TestTargetID = 4D80873B1EF7CD050028AE41;
					};
					4D80875A1EF7CD050028AE41 = {
						CreatedOnToolsVersion = 8.3.3;
						DevelopmentTeam = GNZBVV9WD3;
						ProvisioningStyle = Automatic;
						TestTargetID = 4D80873B1EF7CD050028AE41;
					};
				};
			};
			buildConfigurationList = 4D8087371EF7CD050028AE41 /* Build configuration list for PBXProject "34-Swift之访问权限" */;
			compatibilityVersion = "Xcode 3.2";
			developmentRegion = English;
			hasScannedForEncodings = 0;
			knownRegions = (
				en,
				Base,
			);
			mainGroup = 4D8087331EF7CD050028AE41;
			productRefGroup = 4D80873D1EF7CD050028AE41 /* Products */;
			projectDirPath = "";
			projectRoot = "";
			targets = (
				4D80873B1EF7CD050028AE41 /* 34-Swift之访问权限 */,
				4D80874F1EF7CD050028AE41 /* 34-Swift之访问权限Tests */,
				4D80875A1EF7CD050028AE41 /* 34-Swift之访问权限UITests */,
			);
		};
/* End PBXProject section */

/* Begin PBXResourcesBuildPhase section */
		4D80873A1EF7CD050028AE41 /* Resources */ = {
			isa = PBXResourcesBuildPhase;
			buildActionMask = 2147483647;
			files = (
				4D80874A1EF7CD050028AE41 /* LaunchScreen.storyboard in Resources */,
				4D8087471EF7CD050028AE41 /* Assets.xcassets in Resources */,
				4D8087451EF7CD050028AE41 /* Main.storyboard in Resources */,
			);
			runOnlyForDeploymentPostprocessing = 0;
		};
		4D80874E1EF7CD050028AE41 /* Resources */ = {
			isa = PBXResourcesBuildPhase;
			buildActionMask = 2147483647;
			files = (
			);
			runOnlyForDeploymentPostprocessing = 0;
		};
		4D8087591EF7CD050028AE41 /* Resources */ = {
			isa = PBXResourcesBuildPhase;
			buildActionMask = 2147483647;
			files = (
			);
			runOnlyForDeploymentPostprocessing = 0;
		};
/* End PBXResourcesBuildPhase section */

/* Begin PBXSourcesBuildPhase section */
		4D8087381EF7CD050028AE41 /* Sources */ = {
			isa = PBXSourcesBuildPhase;
			buildActionMask = 2147483647;
			files = (
				4D8087421EF7CD050028AE41 /* ViewController.swift in Sources */,
				4D8087401EF7CD050028AE41 /* AppDelegate.swift in Sources */,
			);
			runOnlyForDeploymentPostprocessing = 0;
		};
		4D80874C1EF7CD050028AE41 /* Sources */ = {
			isa = PBXSourcesBuildPhase;
			buildActionMask = 2147483647;
			files = (
				4D8087551EF7CD050028AE41 /* _4_Swift_____Tests.swift in Sources */,
			);
			runOnlyForDeploymentPostprocessing = 0;
		};
		4D8087571EF7CD050028AE41 /* Sources */ = {
			isa = PBXSourcesBuildPhase;
			buildActionMask = 2147483647;
			files = (
				4D8087601EF7CD050028AE41 /* _4_Swift_____UITests.swift in Sources */,
			);
			runOnlyForDeploymentPostprocessing = 0;
		};
/* End PBXSourcesBuildPhase section */

/* Begin PBXTargetDependency section */
		4D8087521EF7CD050028AE41 /* PBXTargetDependency */ = {
			isa = PBXTargetDependency;
			target = 4D80873B1EF7CD050028AE41 /* 34-Swift之访问权限 */;
			targetProxy = 4D8087511EF7CD050028AE41 /* PBXContainerItemProxy */;
		};
		4D80875D1EF7CD050028AE41 /* PBXTargetDependency */ = {
			isa = PBXTargetDependency;
			target = 4D80873B1EF7CD050028AE41 /* 34-Swift之访问权限 */;
			targetProxy = 4D80875C1EF7CD050028AE41 /* PBXContainerItemProxy */;
		};
/* End PBXTargetDependency section */

/* Begin PBXVariantGroup section */
		4D8087431EF7CD050028AE41 /* Main.storyboard */ = {
			isa = PBXVariantGroup;
			children = (
				4D8087441EF7CD050028AE41 /* Base */,
			);
			name = Main.storyboard;
			sourceTree = "<group>";
		};
		4D8087481EF7CD050028AE41 /* LaunchScreen.storyboard */ = {
			isa = PBXVariantGroup;
			children = (
				4D8087491EF7CD050028AE41 /* Base */,
			);
			name = LaunchScreen.storyboard;
			sourceTree = "<group>";
		};
/* End PBXVariantGroup section */

/* Begin XCBuildConfiguration section */
		4D8087621EF7CD050028AE41 /* Debug */ = {
			isa = XCBuildConfiguration;
			buildSettings = {
				ALWAYS_SEARCH_USER_PATHS = NO;
				CLANG_ANALYZER_NONNULL = YES;
				CLANG_ANALYZER_NUMBER_OBJECT_CONVERSION = YES_AGGRESSIVE;
				CLANG_CXX_LANGUAGE_STANDARD = "gnu++0x";
				CLANG_CXX_LIBRARY = "libc++";
				CLANG_ENABLE_MODULES = YES;
				CLANG_ENABLE_OBJC_ARC = YES;
				CLANG_WARN_BOOL_CONVERSION = YES;
				CLANG_WARN_CONSTANT_CONVERSION = YES;
				CLANG_WARN_DIRECT_OBJC_ISA_USAGE = YES_ERROR;
				CLANG_WARN_DOCUMENTATION_COMMENTS = YES;
				CLANG_WARN_EMPTY_BODY = YES;
				CLANG_WARN_ENUM_CONVERSION = YES;
				CLANG_WARN_INFINITE_RECURSION = YES;
				CLANG_WARN_INT_CONVERSION = YES;
				CLANG_WARN_OBJC_ROOT_CLASS = YES_ERROR;
				CLANG_WARN_SUSPICIOUS_MOVE = YES;
				CLANG_WARN_UNREACHABLE_CODE = YES;
				CLANG_WARN__DUPLICATE_METHOD_MATCH = YES;
				"CODE_SIGN_IDENTITY[sdk=iphoneos*]" = "iPhone Developer";
				COPY_PHASE_STRIP = NO;
				DEBUG_INFORMATION_FORMAT = dwarf;
				ENABLE_STRICT_OBJC_MSGSEND = YES;
				ENABLE_TESTABILITY = YES;
				GCC_C_LANGUAGE_STANDARD = gnu99;
				GCC_DYNAMIC_NO_PIC = NO;
				GCC_NO_COMMON_BLOCKS = YES;
				GCC_OPTIMIZATION_LEVEL = 0;
				GCC_PREPROCESSOR_DEFINITIONS = (
					"DEBUG=1",
					"$(inherited)",
				);
				GCC_WARN_64_TO_32_BIT_CONVERSION = YES;
				GCC_WARN_ABOUT_RETURN_TYPE = YES_ERROR;
				GCC_WARN_UNDECLARED_SELECTOR = YES;
				GCC_WARN_UNINITIALIZED_AUTOS = YES_AGGRESSIVE;
				GCC_WARN_UNUSED_FUNCTION = YES;
				GCC_WARN_UNUSED_VARIABLE = YES;
				IPHONEOS_DEPLOYMENT_TARGET = 10.3;
				MTL_ENABLE_DEBUG_INFO = YES;
				ONLY_ACTIVE_ARCH = YES;
				SDKROOT = iphoneos;
				SWIFT_ACTIVE_COMPILATION_CONDITIONS = DEBUG;
				SWIFT_OPTIMIZATION_LEVEL = "-Onone";
			};
			name = Debug;
		};
		4D8087631EF7CD050028AE41 /* Release */ = {
			isa = XCBuildConfiguration;
			buildSettings = {
				ALWAYS_SEARCH_USER_PATHS = NO;
				CLANG_ANALYZER_NONNULL = YES;
				CLANG_ANALYZER_NUMBER_OBJECT_CONVERSION = YES_AGGRESSIVE;
				CLANG_CXX_LANGUAGE_STANDARD = "gnu++0x";
				CLANG_CXX_LIBRARY = "libc++";
				CLANG_ENABLE_MODULES = YES;
				CLANG_ENABLE_OBJC_ARC = YES;
				CLANG_WARN_BOOL_CONVERSION = YES;
				CLANG_WARN_CONSTANT_CONVERSION = YES;
				CLANG_WARN_DIRECT_OBJC_ISA_USAGE = YES_ERROR;
				CLANG_WARN_DOCUMENTATION_COMMENTS = YES;
				CLANG_WARN_EMPTY_BODY = YES;
				CLANG_WARN_ENUM_CONVERSION = YES;
				CLANG_WARN_INFINITE_RECURSION = YES;
				CLANG_WARN_INT_CONVERSION = YES;
				CLANG_WARN_OBJC_ROOT_CLASS = YES_ERROR;
				CLANG_WARN_SUSPICIOUS_MOVE = YES;
				CLANG_WARN_UNREACHABLE_CODE = YES;
				CLANG_WARN__DUPLICATE_METHOD_MATCH = YES;
				"CODE_SIGN_IDENTITY[sdk=iphoneos*]" = "iPhone Developer";
				COPY_PHASE_STRIP = NO;
				DEBUG_INFORMATION_FORMAT = "dwarf-with-dsym";
				ENABLE_NS_ASSERTIONS = NO;
				ENABLE_STRICT_OBJC_MSGSEND = YES;
				GCC_C_LANGUAGE_STANDARD = gnu99;
				GCC_NO_COMMON_BLOCKS = YES;
				GCC_WARN_64_TO_32_BIT_CONVERSION = YES;
				GCC_WARN_ABOUT_RETURN_TYPE = YES_ERROR;
				GCC_WARN_UNDECLARED_SELECTOR = YES;
				GCC_WARN_UNINITIALIZED_AUTOS = YES_AGGRESSIVE;
				GCC_WARN_UNUSED_FUNCTION = YES;
				GCC_WARN_UNUSED_VARIABLE = YES;
				IPHONEOS_DEPLOYMENT_TARGET = 10.3;
				MTL_ENABLE_DEBUG_INFO = NO;
				SDKROOT = iphoneos;
				SWIFT_OPTIMIZATION_LEVEL = "-Owholemodule";
				VALIDATE_PRODUCT = YES;
			};
			name = Release;
		};
		4D8087651EF7CD050028AE41 /* Debug */ = {
			isa = XCBuildConfiguration;
			buildSettings = {
				ASSETCATALOG_COMPILER_APPICON_NAME = AppIcon;
				DEVELOPMENT_TEAM = GNZBVV9WD3;
				INFOPLIST_FILE = "34-Swift之访问权限/Info.plist";
				LD_RUNPATH_SEARCH_PATHS = "$(inherited) @executable_path/Frameworks";
				PRODUCT_BUNDLE_IDENTIFIER = "com.HHJ.-4-Swift-----";
				PRODUCT_NAME = "$(TARGET_NAME)";
				SWIFT_VERSION = 3.0;
			};
			name = Debug;
		};
		4D8087661EF7CD050028AE41 /* Release */ = {
			isa = XCBuildConfiguration;
			buildSettings = {
				ASSETCATALOG_COMPILER_APPICON_NAME = AppIcon;
				DEVELOPMENT_TEAM = GNZBVV9WD3;
				INFOPLIST_FILE = "34-Swift之访问权限/Info.plist";
				LD_RUNPATH_SEARCH_PATHS = "$(inherited) @executable_path/Frameworks";
				PRODUCT_BUNDLE_IDENTIFIER = "com.HHJ.-4-Swift-----";
				PRODUCT_NAME = "$(TARGET_NAME)";
				SWIFT_VERSION = 3.0;
			};
			name = Release;
		};
		4D8087681EF7CD050028AE41 /* Debug */ = {
			isa = XCBuildConfiguration;
			buildSettings = {
				ALWAYS_EMBED_SWIFT_STANDARD_LIBRARIES = YES;
				BUNDLE_LOADER = "$(TEST_HOST)";
				DEVELOPMENT_TEAM = GNZBVV9WD3;
				INFOPLIST_FILE = "34-Swift之访问权限Tests/Info.plist";
				LD_RUNPATH_SEARCH_PATHS = "$(inherited) @executable_path/Frameworks @loader_path/Frameworks";
				PRODUCT_BUNDLE_IDENTIFIER = "com.HHJ.-4-Swift-----Tests";
				PRODUCT_NAME = "$(TARGET_NAME)";
				SWIFT_VERSION = 3.0;
				TEST_HOST = "$(BUILT_PRODUCTS_DIR)/34-Swift之访问权限.app/34-Swift之访问权限";
			};
			name = Debug;
		};
		4D8087691EF7CD050028AE41 /* Release */ = {
			isa = XCBuildConfiguration;
			buildSettings = {
				ALWAYS_EMBED_SWIFT_STANDARD_LIBRARIES = YES;
				BUNDLE_LOADER = "$(TEST_HOST)";
				DEVELOPMENT_TEAM = GNZBVV9WD3;
				INFOPLIST_FILE = "34-Swift之访问权限Tests/Info.plist";
				LD_RUNPATH_SEARCH_PATHS = "$(inherited) @executable_path/Frameworks @loader_path/Frameworks";
				PRODUCT_BUNDLE_IDENTIFIER = "com.HHJ.-4-Swift-----Tests";
				PRODUCT_NAME = "$(TARGET_NAME)";
				SWIFT_VERSION = 3.0;
				TEST_HOST = "$(BUILT_PRODUCTS_DIR)/34-Swift之访问权限.app/34-Swift之访问权限";
			};
			name = Release;
		};
		4D80876B1EF7CD050028AE41 /* Debug */ = {
			isa = XCBuildConfiguration;
			buildSettings = {
				ALWAYS_EMBED_SWIFT_STANDARD_LIBRARIES = YES;
				DEVELOPMENT_TEAM = GNZBVV9WD3;
				INFOPLIST_FILE = "34-Swift之访问权限UITests/Info.plist";
				LD_RUNPATH_SEARCH_PATHS = "$(inherited) @executable_path/Frameworks @loader_path/Frameworks";
				PRODUCT_BUNDLE_IDENTIFIER = "com.HHJ.-4-Swift-----UITests";
				PRODUCT_NAME = "$(TARGET_NAME)";
				SWIFT_VERSION = 3.0;
				TEST_TARGET_NAME = "34-Swift之访问权限";
			};
			name = Debug;
		};
		4D80876C1EF7CD050028AE41 /* Release */ = {
			isa = XCBuildConfiguration;
			buildSettings = {
				ALWAYS_EMBED_SWIFT_STANDARD_LIBRARIES = YES;
				DEVELOPMENT_TEAM = GNZBVV9WD3;
				INFOPLIST_FILE = "34-Swift之访问权限UITests/Info.plist";
				LD_RUNPATH_SEARCH_PATHS = "$(inherited) @executable_path/Frameworks @loader_path/Frameworks";
				PRODUCT_BUNDLE_IDENTIFIER = "com.HHJ.-4-Swift-----UITests";
				PRODUCT_NAME = "$(TARGET_NAME)";
				SWIFT_VERSION = 3.0;
				TEST_TARGET_NAME = "34-Swift之访问权限";
			};
			name = Release;
		};
/* End XCBuildConfiguration section */

/* Begin XCConfigurationList section */
		4D8087371EF7CD050028AE41 /* Build configuration list for PBXProject "34-Swift之访问权限" */ = {
			isa = XCConfigurationList;
			buildConfigurations = (
				4D8087621EF7CD050028AE41 /* Debug */,
				4D8087631EF7CD050028AE41 /* Release */,
			);
			defaultConfigurationIsVisible = 0;
			defaultConfigurationName = Release;
		};
		4D8087641EF7CD050028AE41 /* Build configuration list for PBXNativeTarget "34-Swift之访问权限" */ = {
			isa = XCConfigurationList;
			buildConfigurations = (
				4D8087651EF7CD050028AE41 /* Debug */,
				4D8087661EF7CD050028AE41 /* Release */,
			);
			defaultConfigurationIsVisible = 0;
		};
		4D8087671EF7CD050028AE41 /* Build configuration list for PBXNativeTarget "34-Swift之访问权限Tests" */ = {
			isa = XCConfigurationList;
			buildConfigurations = (
				4D8087681EF7CD050028AE41 /* Debug */,
				4D8087691EF7CD050028AE41 /* Release */,
			);
			defaultConfigurationIsVisible = 0;
		};
		4D80876A1EF7CD050028AE41 /* Build configuration list for PBXNativeTarget "34-Swift之访问权限UITests" */ = {
			isa = XCConfigurationList;
			buildConfigurations = (
				4D80876B1EF7CD050028AE41 /* Debug */,
				4D80876C1EF7CD050028AE41 /* Release */,
			);
			defaultConfigurationIsVisible = 0;
		};
/* End XCConfigurationList section */
	};
	rootObject = 4D8087341EF7CD050028AE41 /* Project object */;
}
